# This file is generated by running "yarn install" inside your project.
# Manual changes might be lost - proceed with caution!

__metadata:
  version: 8
  cacheKey: 10c0

"@metacraft/murg-engine@npm:^0.0.73":
  version: 0.0.73
  resolution: "@metacraft/murg-engine@npm:0.0.73"
  dependencies:
    mustache: "npm:^4.2.0"
  checksum: 10c0/a549de7bb59772fdd1f8825c20c36e96b3d0547aee56c5824426da26dc943121989e7a082b704787b613f9572372a9e7d61d9d67fc9111281133ccb13d78e9d5
  languageName: node
  linkType: hard

"@types/lodash@npm:^4.14.191":
  version: 4.17.7
  resolution: "@types/lodash@npm:4.17.7"
  checksum: 10c0/40c965b5ffdcf7ff5c9105307ee08b782da228c01b5c0529122c554c64f6b7168fc8f11dc79aa7bae4e67e17efafaba685dc3a47e294dbf52a65ed2b67100561
  languageName: node
  linkType: hard

"@underrealm/game@workspace:game":
  version: 0.0.0-use.local
  resolution: "@underrealm/game@workspace:game"
  dependencies:
    "@metacraft/murg-engine": "npm:^0.0.73"
    "@types/lodash": "npm:^4.14.191"
    lodash: "npm:^4.17.21"
  languageName: unknown
  linkType: soft

"lodash@npm:^4.17.21":
  version: 4.17.21
  resolution: "lodash@npm:4.17.21"
  checksum: 10c0/d8cbea072bb08655bb4c989da418994b073a608dffa608b09ac04b43a791b12aeae7cd7ad919aa4c925f33b48490b5cfe6c1f71d827956071dae2e7bb3a6b74c
  languageName: node
  linkType: hard

"mustache@npm:^4.2.0":
  version: 4.2.0
  resolution: "mustache@npm:4.2.0"
  bin:
    mustache: bin/mustache
  checksum: 10c0/1f8197e8a19e63645a786581d58c41df7853da26702dbc005193e2437c98ca49b255345c173d50c08fe4b4dbb363e53cb655ecc570791f8deb09887248dd34a2
  languageName: node
  linkType: hard

"underrealm@workspace:.":
  version: 0.0.0-use.local
  resolution: "underrealm@workspace:."
  languageName: unknown
  linkType: soft
